{
    "name": "bookstore-cds",
    "version": "1.0.0",
    "lockfileVersion": 3,
    "requires": true,
    "packages": {
        "": {
            "name": "bookstore-cds",
            "version": "1.0.0",
            "license": "ISC",
            "dependencies": {
                "@sap/capire-products": "file:sap-capire-products-1.0.0.tgz"
            }
        },
        "node_modules/@sap/capire-products": {
            "version": "1.0.0",
            "resolved": "file:sap-capire-products-1.0.0.tgz",
            "integrity": "sha512-s4jB4OB8Rj02HIKwPgZ1VqE7etT7lh2ZQRxsEyva7IsWsj2jWDiaeZL299E0kMUBTabrKbpRt9Jx5C4gs8iDmw==",
            "license": "ISC"
        }
    }
}
