{
    "name": "bookstore-cds",
    "version": "1.0.0",
    "lockfileVersion": 3,
    "requires": true,
    "packages": {
        "": {
            "name": "bookstore-cds",
            "version": "1.0.0",
            "license": "ISC",
            "dependencies": {
                "@sap/capire-products": "file:sap-capire-products-1.0.0.tgz"
            }
        },
        "node_modules/@sap/capire-products": {
            "version": "1.0.0",
            "resolved": "file:sap-capire-products-1.0.0.tgz",
            "integrity": "sha512-IQlvJn+h1pVb/Eupz8nev4Yw75MYfR1dMpXWbxO/ZG8XLsL3cncT1uDVyCQjVnqipSM8eNnqVBSCcKPE5uhcSw==",
            "license": "ISC"
        }
    }
}
