{
    "name": "store-cds",
    "version": "1.0.0",
    "lockfileVersion": 3,
    "requires": true,
    "packages": {
        "": {
            "name": "store-cds",
            "version": "1.0.0",
            "license": "ISC",
            "dependencies": {
                "@sap/capire-products": "file:sap-capire-products-1.0.0.tgz"
            }
        },
        "node_modules/@sap/capire-products": {
            "version": "1.0.0",
            "resolved": "file:sap-capire-products-1.0.0.tgz",
            "integrity": "sha512-ExWeCei4WwHRJbCTBXHDoCu1DVgq15IlOcMyf0QmSbJpxHgNUH0AN85KYp311DTBm2cRi01oeKogAuEhra6OmA==",
            "license": "ISC"
        }
    }
}
