{
    "name": "bookmyshow-cds",
    "version": "1.0.0",
    "lockfileVersion": 3,
    "requires": true,
    "packages": {
        "": {
            "name": "bookmyshow-cds",
            "version": "1.0.0",
            "license": "ISC",
            "dependencies": {
                "@sap/capire-userdata": "file:sap-capire-userdata-1.0.0.tgz"
            }
        },
        "node_modules/@sap/capire-userdata": {
            "version": "1.0.0",
            "resolved": "file:sap-capire-userdata-1.0.0.tgz",
            "integrity": "sha512-GZIv/ez0m4AugJ9DlnuHrK6NqjD62+hmo34BUy2m/ZRLmuLw6nouwcIFP8w22CGEKEyWJ1fDZa39s//1T/zd6A==",
            "license": "ISC"
        }
    }
}
