{
    "name": "bookshop-cds",
    "version": "1.0.0",
    "lockfileVersion": 3,
    "requires": true,
    "packages": {
        "": {
            "name": "bookshop-cds",
            "version": "1.0.0",
            "license": "ISC",
            "dependencies": {
                "@sap/capire-products": "file:sap-capire-products-1.0.0.tgz"
            }
        },
        "node_modules/@sap/capire-products": {
            "version": "1.0.0",
            "resolved": "file:sap-capire-products-1.0.0.tgz",
            "integrity": "sha512-mTbLd/Y9EdM2KGU/8GtBo54X40SMk9XE1LSgYMX8yZzEQfYq3FvDD9K4ufnc4FLq4tkKA2cok7M5UAAFNgtmbQ==",
            "license": "ISC"
        }
    }
}
